
Microsoft Visual Studio Solution File, Format Version 12.00
# Visual Studio 15
VisualStudioVersion = 15.0.28307.572
MinimumVisualStudioVersion = 10.0.40219.1
Project("{00D1A9C2-B5F0-4AF3-8072-F6C62B433612}") = "Ingress", "Ingress.sqlproj", "{D92DE041-A00F-47DF-9845-3599E53DC535}"
EndProject
Global
	GlobalSection(SolutionConfigurationPlatforms) = preSolution
		Debug|Any CPU = Debug|Any CPU
		Release|Any CPU = Release|Any CPU
	EndGlobalSection
	GlobalSection(ProjectConfigurationPlatforms) = postSolution
		{D92DE041-A00F-47DF-9845-3599E53DC535}.Debug|Any CPU.ActiveCfg = Debug|Any CPU
		{D92DE041-A00F-47DF-9845-3599E53DC535}.Debug|Any CPU.Build.0 = Debug|Any CPU
		{D92DE041-A00F-47DF-9845-3599E53DC535}.Debug|Any CPU.Deploy.0 = Debug|Any CPU
		{D92DE041-A00F-47DF-9845-3599E53DC535}.Release|Any CPU.ActiveCfg = Release|Any CPU
		{D92DE041-A00F-47DF-9845-3599E53DC535}.Release|Any CPU.Build.0 = Release|Any CPU
		{D92DE041-A00F-47DF-9845-3599E53DC535}.Release|Any CPU.Deploy.0 = Release|Any CPU
	EndGlobalSection
	GlobalSection(SolutionProperties) = preSolution
		HideSolutionNode = FALSE
	EndGlobalSection
	GlobalSection(ExtensibilityGlobals) = postSolution
		SolutionGuid = {FB1A5F09-C24E-4046-8062-381EE714D11A}
	EndGlobalSection
EndGlobal
